
Microsoft Visual Studio Solution File, Format Version 12.00
# Visual Studio 15
VisualStudioVersion = 15.0.28307.168
MinimumVisualStudioVersion = 10.0.40219.1
Project("{FAE04EC0-301F-11D3-BF4B-00C04F79EFBC}") = "Pomodoro", "Pomodoro\Pomodoro.csproj", "{F4915501-50E1-429E-9840-8D7751DB4C20}"
EndProject
Global
	GlobalSection(SolutionConfigurationPlatforms) = preSolution
		Debug|Any CPU = Debug|Any CPU
		Release|Any CPU = Release|Any CPU
	EndGlobalSection
	GlobalSection(ProjectConfigurationPlatforms) = postSolution
		{F4915501-50E1-429E-9840-8D7751DB4C20}.Debug|Any CPU.ActiveCfg = Debug|Any CPU
		{F4915501-50E1-429E-9840-8D7751DB4C20}.Debug|Any CPU.Build.0 = Debug|Any CPU
		{F4915501-50E1-429E-9840-8D7751DB4C20}.Release|Any CPU.ActiveCfg = Release|Any CPU
		{F4915501-50E1-429E-9840-8D7751DB4C20}.Release|Any CPU.Build.0 = Release|Any CPU
	EndGlobalSection
	GlobalSection(SolutionProperties) = preSolution
		HideSolutionNode = FALSE
	EndGlobalSection
	GlobalSection(ExtensibilityGlobals) = postSolution
		SolutionGuid = {7156E9E7-CFDE-499E-B0E3-AB7E525D83FF}
	EndGlobalSection
EndGlobal
